<?xml version="1.0" encoding="utf-8"?>
<Project ToolsVersion="4.0" xmlns="http://schemas.microsoft.com/developer/msbuild/2003">
  <ItemGroup>
    <Filter Include="소스 파일">
      <UniqueIdentifier>{4FC737F1-C7A5-4376-A066-2A32D752A2FF}</UniqueIdentifier>
      <Extensions>cpp;c;cc;cxx;def;odl;idl;hpj;bat;asm;asmx</Extensions>
    </Filter>
    <Filter Include="헤더 파일">
      <UniqueIdentifier>{93995380-89BD-4b04-88EB-625FBE52EBFB}</UniqueIdentifier>
      <Extensions>h;hh;hpp;hxx;hm;inl;inc;xsd</Extensions>
    </Filter>
    <Filter Include="리소스 파일">
      <UniqueIdentifier>{67DA6AB6-F800-4c08-8B7A-83BB121AAD01}</UniqueIdentifier>
      <Extensions>rc;ico;cur;bmp;dlg;rc2;rct;bin;rgs;gif;jpg;jpeg;jpe;resx;tiff;tif;png;wav;mfcribbon-ms</Extensions>
    </Filter>
    <Filter Include="2DGameFramework">
      <UniqueIdentifier>{b4146623-4b24-44c1-87dc-0e8cec034f06}</UniqueIdentifier>
    </Filter>
    <Filter Include="2DGameFramework\Manager">
      <UniqueIdentifier>{6962b22c-d548-4262-9752-fb1e528a3599}</UniqueIdentifier>
    </Filter>
    <Filter Include="2DGameFramework\SingletonBase">
      <UniqueIdentifier>{2a373353-7049-468b-aafa-704bf915bc37}</UniqueIdentifier>
    </Filter>
    <Filter Include="playGround">
      <UniqueIdentifier>{fa02fe7e-ee7e-4381-a0bc-0416f23a9e19}</UniqueIdentifier>
    </Filter>
    <Filter Include="2DGameFramework\utils">
      <UniqueIdentifier>{eb08efa7-ef11-477f-a6b9-eccfd2ad7362}</UniqueIdentifier>
    </Filter>
    <Filter Include="2DGameFramework\image">
      <UniqueIdentifier>{efeeb4a5-f3de-4942-a317-21258d10129e}</UniqueIdentifier>
    </Filter>
    <Filter Include="2DGameFramework\progressBar">
      <UniqueIdentifier>{f316504a-bdda-4a8d-b01b-87142c0dfff6}</UniqueIdentifier>
    </Filter>
    <Filter Include="2DGameFramework\txtData">
      <UniqueIdentifier>{6427a303-db83-46d4-9153-174a59ebbd5c}</UniqueIdentifier>
    </Filter>
    <Filter Include="2DGameFramework\timer">
      <UniqueIdentifier>{81a1ecf0-c5d4-4d38-aff0-88d627da739d}</UniqueIdentifier>
    </Filter>
    <Filter Include="2DGameFramework\animation">
      <UniqueIdentifier>{36edd43f-84b3-437b-a98f-8bee21478470}</UniqueIdentifier>
    </Filter>
    <Filter Include="2DGameFramework\effect">
      <UniqueIdentifier>{d5d4bd3c-2dec-49d9-bcb4-10db4f4b59c1}</UniqueIdentifier>
    </Filter>
    <Filter Include="2DGameFramework\button">
      <UniqueIdentifier>{fdd9079e-654a-4eca-b42b-ccdc2f90c269}</UniqueIdentifier>
    </Filter>
    <Filter Include="playGround\database">
      <UniqueIdentifier>{ba6f4ce8-e3a7-4f91-ae07-a11d46aeddf3}</UniqueIdentifier>
    </Filter>
    <Filter Include="2DGameFramework\action">
      <UniqueIdentifier>{b3e765fe-3f62-4682-9f1a-6ee96401a17c}</UniqueIdentifier>
    </Filter>
    <Filter Include="playGround\gamePlayScene">
      <UniqueIdentifier>{389b6ef0-60b0-4dc7-99ef-e4de7c879f18}</UniqueIdentifier>
    </Filter>
    <Filter Include="playGround\gamePlayScene\player">
      <UniqueIdentifier>{c90adfc4-c926-44c1-9b07-a625aff6ba1f}</UniqueIdentifier>
    </Filter>
    <Filter Include="playGround\gamePlayScene\enemy">
      <UniqueIdentifier>{4bee8f1d-a5d4-4174-b4bf-38c639da71c1}</UniqueIdentifier>
    </Filter>
    <Filter Include="playGround\gamePlayScene\skill">
      <UniqueIdentifier>{975f0b05-5754-416d-acfc-1a11d206bd8e}</UniqueIdentifier>
    </Filter>
    <Filter Include="playGround\gamePlayScene\npc">
      <UniqueIdentifier>{56dd8e94-02fb-425e-8128-04c76446db9f}</UniqueIdentifier>
    </Filter>
    <Filter Include="playGround\gamePlayScene\gameObject">
      <UniqueIdentifier>{fc873b2c-4004-44a2-b595-1a796971b79b}</UniqueIdentifier>
    </Filter>
    <Filter Include="playGround\gamePlayScene\item">
      <UniqueIdentifier>{609807eb-42ee-4226-a274-87d6ba362ce1}</UniqueIdentifier>
    </Filter>
    <Filter Include="playGround\gamePlayScene\gameCollision">
      <UniqueIdentifier>{e7a27bfc-66b1-4e23-8e25-165acd2ec5c7}</UniqueIdentifier>
    </Filter>
    <Filter Include="헤더 파일\Function">
      <UniqueIdentifier>{3cf29cad-0ebe-42c6-a470-90f4c1ebe432}</UniqueIdentifier>
    </Filter>
    <Filter Include="playGround\gameTitleScene">
      <UniqueIdentifier>{c70d71a2-5e76-4321-933a-88bd503eb239}</UniqueIdentifier>
    </Filter>
    <Filter Include="playGround\gameMenuScene">
      <UniqueIdentifier>{fb09364f-fd5b-44c4-84f5-16d7f362e322}</UniqueIdentifier>
    </Filter>
    <Filter Include="playGround\allMenu">
      <UniqueIdentifier>{aaf728bd-1a66-422a-a5f5-7c2456400d62}</UniqueIdentifier>
    </Filter>
    <Filter Include="playGround\gamePlayScene\stageManager">
      <UniqueIdentifier>{9ee03396-1726-4a62-bd69-29f2d3be84d2}</UniqueIdentifier>
    </Filter>
    <Filter Include="2DGameFramework\Manager\dialogue">
      <UniqueIdentifier>{99ca5ac2-f0e0-445a-89c3-e3d6e6b7e58c}</UniqueIdentifier>
    <Filter Include="playGround\gamePlayScene\enemy\enemyAction">
      <UniqueIdentifier>{2821b621-3fe7-42d0-a83b-72c7262aad86}</UniqueIdentifier>
    </Filter>
  </ItemGroup>
  <ItemGroup>
    <Text Include="ReadMe.txt" />
  </ItemGroup>
  <ItemGroup>
    <ClInclude Include="stdafx.h">
      <Filter>헤더 파일</Filter>
    </ClInclude>
    <ClInclude Include="targetver.h">
      <Filter>헤더 파일</Filter>
    </ClInclude>
    <ClInclude Include="Resource.h">
      <Filter>헤더 파일</Filter>
    </ClInclude>
    <ClInclude Include="singletonBase.h">
      <Filter>2DGameFramework\SingletonBase</Filter>
    </ClInclude>
    <ClInclude Include="gameNode.h">
      <Filter>2DGameFramework</Filter>
    </ClInclude>
    <ClInclude Include="playGround.h">
      <Filter>playGround</Filter>
    </ClInclude>
    <ClInclude Include="keyManager.h">
      <Filter>2DGameFramework\Manager</Filter>
    </ClInclude>
    <ClInclude Include="utils.h">
      <Filter>2DGameFramework\utils</Filter>
    </ClInclude>
    <ClInclude Include="image.h">
      <Filter>2DGameFramework\image</Filter>
    </ClInclude>
    <ClInclude Include="collision.h">
      <Filter>2DGameFramework\utils</Filter>
    </ClInclude>
    <ClInclude Include="imageManager.h">
      <Filter>2DGameFramework\Manager</Filter>
    </ClInclude>
    <ClInclude Include="progressBar.h">
      <Filter>2DGameFramework\progressBar</Filter>
    </ClInclude>
    <ClInclude Include="txtData.h">
      <Filter>2DGameFramework\txtData</Filter>
    </ClInclude>
    <ClInclude Include="soundManager.h">
      <Filter>2DGameFramework\Manager</Filter>
    </ClInclude>
    <ClInclude Include="timer.h">
      <Filter>2DGameFramework\timer</Filter>
    </ClInclude>
    <ClInclude Include="timeManager.h">
      <Filter>2DGameFramework\Manager</Filter>
    </ClInclude>
    <ClInclude Include="animation.h">
      <Filter>2DGameFramework\animation</Filter>
    </ClInclude>
    <ClInclude Include="effect.h">
      <Filter>2DGameFramework\effect</Filter>
    </ClInclude>
    <ClInclude Include="effectManager.h">
      <Filter>2DGameFramework\Manager</Filter>
    </ClInclude>
    <ClInclude Include="iniDataManager.h">
      <Filter>2DGameFramework\Manager</Filter>
    </ClInclude>
    <ClInclude Include="sceneManager.h">
      <Filter>2DGameFramework\Manager</Filter>
    </ClInclude>
    <ClInclude Include="button.h">
      <Filter>2DGameFramework\button</Filter>
    </ClInclude>
    <ClInclude Include="database.h">
      <Filter>playGround\database</Filter>
    </ClInclude>
    <ClInclude Include="action.h">
      <Filter>2DGameFramework\action</Filter>
    </ClInclude>
    <ClInclude Include="keyAniManager.h">
      <Filter>2DGameFramework\Manager</Filter>
    </ClInclude>
    <ClInclude Include="enemyBase.h">
      <Filter>playGround\gamePlayScene\enemy</Filter>
    </ClInclude>
    <ClInclude Include="enemyManager.h">
      <Filter>playGround\gamePlayScene\enemy</Filter>
    </ClInclude>
    <ClInclude Include="player1.h">
      <Filter>playGround\gamePlayScene\player</Filter>
    </ClInclude>
    <ClInclude Include="playerBase.h">
      <Filter>playGround\gamePlayScene\player</Filter>
    </ClInclude>
    <ClInclude Include="playerManager.h">
      <Filter>playGround\gamePlayScene\player</Filter>
    </ClInclude>
    <ClInclude Include="skillBase.h">
      <Filter>playGround\gamePlayScene\skill</Filter>
    </ClInclude>
    <ClInclude Include="skillManager.h">
      <Filter>playGround\gamePlayScene\skill</Filter>
    </ClInclude>
    <ClInclude Include="npcBase.h">
      <Filter>playGround\gamePlayScene\npc</Filter>
    </ClInclude>
    <ClInclude Include="gameObjectBase.h">
      <Filter>playGround\gamePlayScene\gameObject</Filter>
    </ClInclude>
    <ClInclude Include="gameObjectManager.h">
      <Filter>playGround\gamePlayScene\gameObject</Filter>
    </ClInclude>
    <ClInclude Include="itemManager.h">
      <Filter>playGround\gamePlayScene\item</Filter>
    </ClInclude>
    <ClInclude Include="gamePlayScene.h">
      <Filter>playGround\gamePlayScene</Filter>
    </ClInclude>
    <ClInclude Include="gameCollision.h">
      <Filter>playGround\gamePlayScene\gameCollision</Filter>
    </ClInclude>
    <ClInclude Include="randomFunction.h">
      <Filter>헤더 파일\Function</Filter>
    </ClInclude>
    <ClInclude Include="commonMacroFunction.h">
      <Filter>헤더 파일\Function</Filter>
    </ClInclude>
    <ClInclude Include="motherAction.h">
      <Filter>playGround</Filter>
    </ClInclude>
    <ClInclude Include="MagicGirl.h">
      <Filter>playGround\gamePlayScene\npc</Filter>
    </ClInclude>
    <ClInclude Include="HealtyGuy.h">
      <Filter>playGround\gamePlayScene\npc</Filter>
    </ClInclude>
    <ClInclude Include="BardKnight.h">
      <Filter>playGround\gamePlayScene\npc</Filter>
    </ClInclude>
    <ClInclude Include="itemBase.h">
      <Filter>playGround\gamePlayScene\item</Filter>
    </ClInclude>
    <ClInclude Include="cameraManager.h">
      <Filter>2DGameFramework\Manager</Filter>
    </ClInclude>
    <ClInclude Include="skill_darkKnight_fireBall.h">
      <Filter>playGround\gamePlayScene\skill</Filter>
    </ClInclude>
    <ClInclude Include="skill_dirtBlockFx.h">
      <Filter>playGround\gamePlayScene\skill</Filter>
    </ClInclude>
    <ClInclude Include="skill_fireBall.h">
      <Filter>playGround\gamePlayScene\skill</Filter>
    </ClInclude>
    <ClInclude Include="skill_bubble.h">
      <Filter>playGround\gamePlayScene\skill</Filter>
    </ClInclude>
    <ClInclude Include="gameTitleScene.h">
      <Filter>playGround\gameTitleScene</Filter>
    </ClInclude>
    <ClInclude Include="gameMenuScene.h">
      <Filter>playGround\gameMenuScene</Filter>
    </ClInclude>
    <ClInclude Include="menuBase.h">
      <Filter>playGround\allMenu</Filter>
    </ClInclude>
    <ClInclude Include="selectNickNameMenu.h">
      <Filter>playGround\allMenu</Filter>
    </ClInclude>
    <ClInclude Include="playerListMenu.h">
      <Filter>playGround\allMenu</Filter>
    </ClInclude>
    <ClInclude Include="CharacterSelectMenu.h">
      <Filter>playGround\allMenu</Filter>
    </ClInclude>
    <ClInclude Include="optionMenu.h">
      <Filter>playGround\allMenu</Filter>
    </ClInclude>
    <ClInclude Include="soundMenu.h">
      <Filter>playGround\allMenu</Filter>
    </ClInclude>
    <ClInclude Include="TTUtils.h">
      <Filter>2DGameFramework\utils</Filter>
    </ClInclude>
    <ClInclude Include="dirtBlock.h">
      <Filter>playGround\gamePlayScene\gameObject</Filter>
    </ClInclude>
    <ClInclude Include="stageManager.h">
      <Filter>playGround\gamePlayScene\stageManager</Filter>
    </ClInclude>
    <ClInclude Include="StoreManager.h">
      <Filter>playGround\gamePlayScene\npc</Filter>
    </ClInclude>
    <ClInclude Include="minion1.h">
      <Filter>playGround\gamePlayScene\enemy</Filter>
    </ClInclude>
    <ClInclude Include="createCharacterMenu.h">
      <Filter>playGround\allMenu</Filter>
    </ClInclude>
    <ClInclude Include="jump.h">
      <Filter>playGround\gamePlayScene\enemy\enemyAction</Filter>
    </ClInclude>
    <ClInclude Include="pixelCollision.h">
      <Filter>playGround\gamePlayScene\enemy\enemyAction</Filter>
    </ClInclude>
    <ClInclude Include="minion2.h">
      <Filter>playGround\gamePlayScene\enemy</Filter>
    </ClInclude>
    <ClInclude Include="minion3.h">
      <Filter>playGround\gamePlayScene\enemy</Filter>
    </ClInclude>
    <ClInclude Include="skill_enemyDeadFx.h">
      <Filter>playGround\gamePlayScene\skill</Filter>
    </ClInclude>
    <ClInclude Include="boss1.h">
      <Filter>playGround\gamePlayScene\enemy</Filter>
    </ClInclude>
    <ClInclude Include="dialogueManager.h">
      <Filter>헤더 파일</Filter>
    </ClInclude>
  </ItemGroup>
  <ItemGroup>
    <ClCompile Include="stdafx.cpp">
      <Filter>소스 파일</Filter>
    </ClCompile>
    <ClCompile Include="winMain.cpp">
      <Filter>소스 파일</Filter>
    </ClCompile>
    <ClCompile Include="gameNode.cpp">
      <Filter>2DGameFramework</Filter>
    </ClCompile>
    <ClCompile Include="playGround.cpp">
      <Filter>playGround</Filter>
    </ClCompile>
    <ClCompile Include="keyManager.cpp">
      <Filter>2DGameFramework\Manager</Filter>
    </ClCompile>
    <ClCompile Include="utils.cpp">
      <Filter>2DGameFramework\utils</Filter>
    </ClCompile>
    <ClCompile Include="image.cpp">
      <Filter>2DGameFramework\image</Filter>
    </ClCompile>
    <ClCompile Include="collision.cpp">
      <Filter>2DGameFramework\utils</Filter>
    </ClCompile>
    <ClCompile Include="imageManager.cpp">
      <Filter>2DGameFramework\Manager</Filter>
    </ClCompile>
    <ClCompile Include="progressBar.cpp">
      <Filter>2DGameFramework\progressBar</Filter>
    </ClCompile>
    <ClCompile Include="txtData.cpp">
      <Filter>2DGameFramework\txtData</Filter>
    </ClCompile>
    <ClCompile Include="soundManager.cpp">
      <Filter>2DGameFramework\Manager</Filter>
    </ClCompile>
    <ClCompile Include="timer.cpp">
      <Filter>2DGameFramework\timer</Filter>
    </ClCompile>
    <ClCompile Include="timeManager.cpp">
      <Filter>2DGameFramework\Manager</Filter>
    </ClCompile>
    <ClCompile Include="animation.cpp">
      <Filter>2DGameFramework\animation</Filter>
    </ClCompile>
    <ClCompile Include="effect.cpp">
      <Filter>2DGameFramework\effect</Filter>
    </ClCompile>
    <ClCompile Include="effectManager.cpp">
      <Filter>2DGameFramework\Manager</Filter>
    </ClCompile>
    <ClCompile Include="iniDataManager.cpp">
      <Filter>2DGameFramework\Manager</Filter>
    </ClCompile>
    <ClCompile Include="sceneManager.cpp">
      <Filter>2DGameFramework\Manager</Filter>
    </ClCompile>
    <ClCompile Include="button.cpp">
      <Filter>2DGameFramework\button</Filter>
    </ClCompile>
    <ClCompile Include="database.cpp">
      <Filter>playGround\database</Filter>
    </ClCompile>
    <ClCompile Include="action.cpp">
      <Filter>2DGameFramework\action</Filter>
    </ClCompile>
    <ClCompile Include="keyAniManager.cpp">
      <Filter>2DGameFramework\Manager</Filter>
    </ClCompile>
    <ClCompile Include="enemyBase.cpp">
      <Filter>playGround\gamePlayScene\enemy</Filter>
    </ClCompile>
    <ClCompile Include="enemyManager.cpp">
      <Filter>playGround\gamePlayScene\enemy</Filter>
    </ClCompile>
    <ClCompile Include="player1.cpp">
      <Filter>playGround\gamePlayScene\player</Filter>
    </ClCompile>
    <ClCompile Include="playerBase.cpp">
      <Filter>playGround\gamePlayScene\player</Filter>
    </ClCompile>
    <ClCompile Include="playerManager.cpp">
      <Filter>playGround\gamePlayScene\player</Filter>
    </ClCompile>
    <ClCompile Include="skillBase.cpp">
      <Filter>playGround\gamePlayScene\skill</Filter>
    </ClCompile>
    <ClCompile Include="skillManager.cpp">
      <Filter>playGround\gamePlayScene\skill</Filter>
    </ClCompile>
    <ClCompile Include="npcBase.cpp">
      <Filter>playGround\gamePlayScene\npc</Filter>
    </ClCompile>
    <ClCompile Include="gameObjectBase.cpp">
      <Filter>playGround\gamePlayScene\gameObject</Filter>
    </ClCompile>
    <ClCompile Include="gameObjectManager.cpp">
      <Filter>playGround\gamePlayScene\gameObject</Filter>
    </ClCompile>
    <ClCompile Include="itemManager.cpp">
      <Filter>playGround\gamePlayScene\item</Filter>
    </ClCompile>
    <ClCompile Include="gamePlayScene.cpp">
      <Filter>playGround\gamePlayScene</Filter>
    </ClCompile>
    <ClCompile Include="gameCollision.cpp">
      <Filter>playGround\gamePlayScene\gameCollision</Filter>
    </ClCompile>
    <ClCompile Include="motherAction.cpp">
      <Filter>playGround</Filter>
    </ClCompile>
    <ClCompile Include="MagicGirl.cpp">
      <Filter>playGround\gamePlayScene\npc</Filter>
    </ClCompile>
    <ClCompile Include="HealtyGuy.cpp">
      <Filter>playGround\gamePlayScene\npc</Filter>
    </ClCompile>
    <ClCompile Include="BardKnight.cpp">
      <Filter>playGround\gamePlayScene\npc</Filter>
    </ClCompile>
    <ClCompile Include="itemBase.cpp">
      <Filter>playGround\gamePlayScene\item</Filter>
    </ClCompile>
    <ClCompile Include="cameraManager.cpp">
      <Filter>2DGameFramework\Manager</Filter>
    </ClCompile>
    <ClCompile Include="skill_darkKnight_fireBall.cpp">
      <Filter>playGround\gamePlayScene\skill</Filter>
    </ClCompile>
    <ClCompile Include="skill_dirtBlockFx.cpp">
      <Filter>playGround\gamePlayScene\skill</Filter>
    </ClCompile>
    <ClCompile Include="skill_fireBall.cpp">
      <Filter>playGround\gamePlayScene\skill</Filter>
    </ClCompile>
    <ClCompile Include="skill_bubble.cpp">
      <Filter>playGround\gamePlayScene\skill</Filter>
    </ClCompile>
    <ClCompile Include="gameTitleScene.cpp">
      <Filter>playGround\gameTitleScene</Filter>
    </ClCompile>
    <ClCompile Include="gameMenuScene.cpp">
      <Filter>playGround\gameMenuScene</Filter>
    </ClCompile>
    <ClCompile Include="menuBase.cpp">
      <Filter>playGround\allMenu</Filter>
    </ClCompile>
    <ClCompile Include="selectNickNameMenu.cpp">
      <Filter>playGround\allMenu</Filter>
    </ClCompile>
    <ClCompile Include="playerListMenu.cpp">
      <Filter>playGround\allMenu</Filter>
    </ClCompile>
    <ClCompile Include="CharacterSelectMenu.cpp">
      <Filter>playGround\allMenu</Filter>
    </ClCompile>
    <ClCompile Include="optionMenu.cpp">
      <Filter>playGround\allMenu</Filter>
    </ClCompile>
    <ClCompile Include="soundMenu.cpp">
      <Filter>playGround\allMenu</Filter>
    </ClCompile>
    <ClCompile Include="TTUtils.cpp">
      <Filter>2DGameFramework\utils</Filter>
    </ClCompile>
    <ClCompile Include="dirtBlock.cpp">
      <Filter>playGround\gamePlayScene\gameObject</Filter>
    </ClCompile>
    <ClCompile Include="stageManager.cpp">
      <Filter>playGround\gamePlayScene\stageManager</Filter>
    </ClCompile>
    <ClCompile Include="StoreManager.cpp">
      <Filter>playGround\gamePlayScene\npc</Filter>
    </ClCompile>
    <ClCompile Include="minion1.cpp">
      <Filter>playGround\gamePlayScene\enemy</Filter>
    </ClCompile>
    <ClCompile Include="createCharacterMenu.cpp">
      <Filter>playGround\allMenu</Filter>
    </ClCompile>
    <ClCompile Include="jump.cpp">
      <Filter>playGround\gamePlayScene\enemy\enemyAction</Filter>
    </ClCompile>
    <ClCompile Include="pixelCollision.cpp">
      <Filter>playGround\gamePlayScene\enemy\enemyAction</Filter>
    </ClCompile>
    <ClCompile Include="minion2.cpp">
      <Filter>playGround\gamePlayScene\enemy</Filter>
    </ClCompile>
    <ClCompile Include="minion3.cpp">
      <Filter>playGround\gamePlayScene\enemy</Filter>
    </ClCompile>
    <ClCompile Include="skill_enemyDeadFx.cpp">
      <Filter>playGround\gamePlayScene\skill</Filter>
    </ClCompile>
    <ClCompile Include="boss1.cpp">
      <Filter>playGround\gamePlayScene\enemy</Filter>
    </ClCompile>
    <ClCompile Include="dialogueManager.cpp">
      <Filter>소스 파일</Filter>
    <ClCompile Include="playerBase+Move.cpp">
      <Filter>playGround\gamePlayScene\player</Filter>
    </ClCompile>
    <ClCompile Include="playerBase+hitReaction.cpp">
      <Filter>playGround\gamePlayScene\player</Filter>
    </ClCompile>
  </ItemGroup>
</Project>